{
  "object": {
    "pins": [
      {
        "package": "Alamofire",
        "repositoryURL": "https://github.com/Alamofire/Alamofire",
        "state": {
          "branch": null,
          "revision": "eaf6e622dd41b07b251d8f01752eab31bc811493",
          "version": "5.4.1"
        }
      },
      {
        "package": "SwiftUICharts",
        "repositoryURL": "https://github.com/AppPear/ChartView",
        "state": {
          "branch": null,
          "revision": "9115a992c91fa19cbb4f2241084240d38654a1fc",
          "version": "1.5.5"
        }
      },
      {
        "package": "Realm",
        "repositoryURL": "http://github.com/realm/realm-cocoa",
        "state": {
          "branch": null,
          "revision": "ae8e646590396dfc13c1abbf8aa2e48c43766dce",
          "version": "10.7.2"
        }
      },
      {
        "package": "RealmDatabase",
        "repositoryURL": "https://github.com/realm/realm-core",
        "state": {
          "branch": null,
          "revision": "bab46acdca91c417a0d4849b8f4992a3c17e29a5",
          "version": "10.5.5"
        }
      },
      {
        "package": "SnapKit",
        "repositoryURL": "https://github.com/SnapKit/SnapKit",
        "state": {
          "branch": null,
          "revision": "d458564516e5676af9c70b4f4b2a9178294f1bc6",
          "version": "5.0.1"
        }
      },
      {
        "package": "SwiftKeychainWrapper",
        "repositoryURL": "https://github.com/jrendel/SwiftKeychainWrapper",
        "state": {
          "branch": null,
          "revision": "185a3165346a03767101c4f62e9a545a0fe0530f",
          "version": "4.0.1"
        }
      },
      {
        "package": "SwiftyJSON",
        "repositoryURL": "https://github.com/SwiftyJSON/SwiftyJSON",
        "state": {
          "branch": null,
          "revision": "2b6054efa051565954e1d2b9da831680026cd768",
          "version": "5.0.0"
        }
      }
    ]
  },
  "version": 1
}
